
Microsoft Visual Studio Solution File, Format Version 12.00
# Visual Studio Version 17
VisualStudioVersion = 17.13.35825.156 d17.13
MinimumVisualStudioVersion = 10.0.40219.1
Project("{FAE04EC0-301F-11D3-BF4B-00C04F79EFBC}") = "Task-1", "Task-1\Task-1.csproj", "{8261989F-F79B-43E3-A8C2-FB31FB90B448}"
EndProject
Project("{FAE04EC0-301F-11D3-BF4B-00C04F79EFBC}") = "PetStore", "PetStore\PetStore.csproj", "{ED905A35-E22F-435D-9407-DD539F0881C7}"
EndProject
Global
	GlobalSection(SolutionConfigurationPlatforms) = preSolution
		Debug|Any CPU = Debug|Any CPU
		Release|Any CPU = Release|Any CPU
	EndGlobalSection
	GlobalSection(ProjectConfigurationPlatforms) = postSolution
		{8261989F-F79B-43E3-A8C2-FB31FB90B448}.Debug|Any CPU.ActiveCfg = Debug|Any CPU
		{8261989F-F79B-43E3-A8C2-FB31FB90B448}.Debug|Any CPU.Build.0 = Debug|Any CPU
		{8261989F-F79B-43E3-A8C2-FB31FB90B448}.Release|Any CPU.ActiveCfg = Release|Any CPU
		{8261989F-F79B-43E3-A8C2-FB31FB90B448}.Release|Any CPU.Build.0 = Release|Any CPU
		{ED905A35-E22F-435D-9407-DD539F0881C7}.Debug|Any CPU.ActiveCfg = Debug|Any CPU
		{ED905A35-E22F-435D-9407-DD539F0881C7}.Debug|Any CPU.Build.0 = Debug|Any CPU
		{ED905A35-E22F-435D-9407-DD539F0881C7}.Release|Any CPU.ActiveCfg = Release|Any CPU
		{ED905A35-E22F-435D-9407-DD539F0881C7}.Release|Any CPU.Build.0 = Release|Any CPU
	EndGlobalSection
	GlobalSection(SolutionProperties) = preSolution
		HideSolutionNode = FALSE
	EndGlobalSection
	GlobalSection(ExtensibilityGlobals) = postSolution
		SolutionGuid = {C479B040-9CD8-4D76-932F-0A18BE5DFCD9}
	EndGlobalSection
EndGlobal
